
Microsoft Visual Studio Solution File, Format Version 12.00
# Visual Studio 15
VisualStudioVersion = 15.0.27703.2042
MinimumVisualStudioVersion = 10.0.40219.1
Project("{8BC9CEB8-8B4A-11D0-8D11-00A0C91BC942}") = "chess", "chess\chess.vcxproj", "{C98DF9D7-09B9-4603-99B7-86DE2FF659C4}"
EndProject
Global
	GlobalSection(SolutionConfigurationPlatforms) = preSolution
		Debug|x64 = Debug|x64
		Debug|x86 = Debug|x86
		Release|x64 = Release|x64
		Release|x86 = Release|x86
	EndGlobalSection
	GlobalSection(ProjectConfigurationPlatforms) = postSolution
		{C98DF9D7-09B9-4603-99B7-86DE2FF659C4}.Debug|x64.ActiveCfg = Release|x64
		{C98DF9D7-09B9-4603-99B7-86DE2FF659C4}.Debug|x64.Build.0 = Release|x64
		{C98DF9D7-09B9-4603-99B7-86DE2FF659C4}.Debug|x86.ActiveCfg = Release|Win32
		{C98DF9D7-09B9-4603-99B7-86DE2FF659C4}.Debug|x86.Build.0 = Release|Win32
		{C98DF9D7-09B9-4603-99B7-86DE2FF659C4}.Release|x64.ActiveCfg = Release|x64
		{C98DF9D7-09B9-4603-99B7-86DE2FF659C4}.Release|x64.Build.0 = Release|x64
		{C98DF9D7-09B9-4603-99B7-86DE2FF659C4}.Release|x86.ActiveCfg = Release|Win32
		{C98DF9D7-09B9-4603-99B7-86DE2FF659C4}.Release|x86.Build.0 = Release|Win32
	EndGlobalSection
	GlobalSection(SolutionProperties) = preSolution
		HideSolutionNode = FALSE
	EndGlobalSection
	GlobalSection(ExtensibilityGlobals) = postSolution
		SolutionGuid = {9433CE59-CDCD-4900-BF90-B8E69B4ED335}
	EndGlobalSection
	GlobalSection(Performance) = preSolution
		HasPerformanceSessions = true
	EndGlobalSection
EndGlobal
